
Microsoft Visual Studio Solution File, Format Version 12.00
# Visual Studio Version 17
VisualStudioVersion = 17.14.37411.7
MinimumVisualStudioVersion = 10.0.40219.1
Project("{FAE04EC0-301F-11D3-BF4B-00C04F79EFBC}") = "Sentinela", "Sentinela\Sentinela.csproj", "{AF56EA9A-D6EE-4802-B9DD-513E5AAD4BD1}"
EndProject
Project("{FAE04EC0-301F-11D3-BF4B-00C04F79EFBC}") = "Core", "Core\Core.csproj", "{1A662E46-3BAF-45E5-BA06-A27007BF8971}"
EndProject
Project("{FAE04EC0-301F-11D3-BF4B-00C04F79EFBC}") = "Application", "Application\Application.csproj", "{ACEA228C-0A68-4820-A933-7543527CA195}"
EndProject
Global
	GlobalSection(SolutionConfigurationPlatforms) = preSolution
		Debug|Any CPU = Debug|Any CPU
		Release|Any CPU = Release|Any CPU
	EndGlobalSection
	GlobalSection(ProjectConfigurationPlatforms) = postSolution
		{AF56EA9A-D6EE-4802-B9DD-513E5AAD4BD1}.Debug|Any CPU.ActiveCfg = Debug|Any CPU
		{AF56EA9A-D6EE-4802-B9DD-513E5AAD4BD1}.Debug|Any CPU.Build.0 = Debug|Any CPU
		{AF56EA9A-D6EE-4802-B9DD-513E5AAD4BD1}.Release|Any CPU.ActiveCfg = Release|Any CPU
		{AF56EA9A-D6EE-4802-B9DD-513E5AAD4BD1}.Release|Any CPU.Build.0 = Release|Any CPU
		{1A662E46-3BAF-45E5-BA06-A27007BF8971}.Debug|Any CPU.ActiveCfg = Debug|Any CPU
		{1A662E46-3BAF-45E5-BA06-A27007BF8971}.Debug|Any CPU.Build.0 = Debug|Any CPU
		{1A662E46-3BAF-45E5-BA06-A27007BF8971}.Release|Any CPU.ActiveCfg = Release|Any CPU
		{1A662E46-3BAF-45E5-BA06-A27007BF8971}.Release|Any CPU.Build.0 = Release|Any CPU
		{ACEA228C-0A68-4820-A933-7543527CA195}.Debug|Any CPU.ActiveCfg = Debug|Any CPU
		{ACEA228C-0A68-4820-A933-7543527CA195}.Debug|Any CPU.Build.0 = Debug|Any CPU
		{ACEA228C-0A68-4820-A933-7543527CA195}.Release|Any CPU.ActiveCfg = Release|Any CPU
		{ACEA228C-0A68-4820-A933-7543527CA195}.Release|Any CPU.Build.0 = Release|Any CPU
	EndGlobalSection
	GlobalSection(SolutionProperties) = preSolution
		HideSolutionNode = FALSE
	EndGlobalSection
	GlobalSection(ExtensibilityGlobals) = postSolution
		SolutionGuid = {3AB68D87-D762-4B91-AB91-8DEDD1E04AA1}
	EndGlobalSection
EndGlobal
